// !$*UTF8*$!
{
	archiveVersion = 1;
	classes = {
	};
	objectVersion = 50;
	objects = {

/* Begin PBXBuildFile section */
		A4375CD02546E3ED005273B3 /* AppDelegate.swift in Sources */ = {isa = PBXBuildFile; fileRef = A4375CCF2546E3ED005273B3 /* AppDelegate.swift */; };
		A4375CD22546E3ED005273B3 /* SceneDelegate.swift in Sources */ = {isa = PBXBuildFile; fileRef = A4375CD12546E3ED005273B3 /* SceneDelegate.swift */; };
		A4375CD72546E3ED005273B3 /* Main.storyboard in Resources */ = {isa = PBXBuildFile; fileRef = A4375CD52546E3ED005273B3 /* Main.storyboard */; };
		A4375CD92546E3F1005273B3 /* Assets.xcassets in Resources */ = {isa = PBXBuildFile; fileRef = A4375CD82546E3F1005273B3 /* Assets.xcassets */; };
		A4375CDC2546E3F1005273B3 /* LaunchScreen.storyboard in Resources */ = {isa = PBXBuildFile; fileRef = A4375CDA2546E3F1005273B3 /* LaunchScreen.storyboard */; };
		A4375CE42546E48B005273B3 /* ToDoListTableViewController.swift in Sources */ = {isa = PBXBuildFile; fileRef = A4375CE32546E48B005273B3 /* ToDoListTableViewController.swift */; };
		A4375CE62546E93C005273B3 /* Item.swift in Sources */ = {isa = PBXBuildFile; fileRef = A4375CE52546E93C005273B3 /* Item.swift */; };
/* End PBXBuildFile section */

/* Begin PBXFileReference section */
		A4375CCC2546E3ED005273B3 /* TODEYME.app */ = {isa = PBXFileReference; explicitFileType = wrapper.application; includeInIndex = 0; path = TODEYME.app; sourceTree = BUILT_PRODUCTS_DIR; };
		A4375CCF2546E3ED005273B3 /* AppDelegate.swift */ = {isa = PBXFileReference; lastKnownFileType = sourcecode.swift; path = AppDelegate.swift; sourceTree = "<group>"; };
		A4375CD12546E3ED005273B3 /* SceneDelegate.swift */ = {isa = PBXFileReference; lastKnownFileType = sourcecode.swift; path = SceneDelegate.swift; sourceTree = "<group>"; };
		A4375CD62546E3ED005273B3 /* Base */ = {isa = PBXFileReference; lastKnownFileType = file.storyboard; name = Base; path = Base.lproj/Main.storyboard; sourceTree = "<group>"; };
		A4375CD82546E3F1005273B3 /* Assets.xcassets */ = {isa = PBXFileReference; lastKnownFileType = folder.assetcatalog; path = Assets.xcassets; sourceTree = "<group>"; };
		A4375CDB2546E3F1005273B3 /* Base */ = {isa = PBXFileReference; lastKnownFileType = file.storyboard; name = Base; path = Base.lproj/LaunchScreen.storyboard; sourceTree = "<group>"; };
		A4375CDD2546E3F1005273B3 /* Info.plist */ = {isa = PBXFileReference; lastKnownFileType = text.plist.xml; path = Info.plist; sourceTree = "<group>"; };
		A4375CE32546E48B005273B3 /* ToDoListTableViewController.swift */ = {isa = PBXFileReference; lastKnownFileType = sourcecode.swift; path = ToDoListTableViewController.swift; sourceTree = "<group>"; };
		A4375CE52546E93C005273B3 /* Item.swift */ = {isa = PBXFileReference; lastKnownFileType = sourcecode.swift; path = Item.swift; sourceTree = "<group>"; };
/* End PBXFileReference section */

/* Begin PBXFrameworksBuildPhase section */
		A4375CC92546E3ED005273B3 /* Frameworks */ = {
			isa = PBXFrameworksBuildPhase;
			buildActionMask = 2147483647;
			files = (
			);
			runOnlyForDeploymentPostprocessing = 0;
		};
/* End PBXFrameworksBuildPhase section */

/* Begin PBXGroup section */
		A4375CC32546E3ED005273B3 = {
			isa = PBXGroup;
			children = (
				A4375CCE2546E3ED005273B3 /* TODEYME */,
				A4375CCD2546E3ED005273B3 /* Products */,
			);
			sourceTree = "<group>";
		};
		A4375CCD2546E3ED005273B3 /* Products */ = {
			isa = PBXGroup;
			children = (
				A4375CCC2546E3ED005273B3 /* TODEYME.app */,
			);
			name = Products;
			sourceTree = "<group>";
		};
		A4375CCE2546E3ED005273B3 /* TODEYME */ = {
			isa = PBXGroup;
			children = (
				A4375CCF2546E3ED005273B3 /* AppDelegate.swift */,
				A4375CD12546E3ED005273B3 /* SceneDelegate.swift */,
				A4375CD52546E3ED005273B3 /* Main.storyboard */,
				A4375CE32546E48B005273B3 /* ToDoListTableViewController.swift */,
				A4375CE52546E93C005273B3 /* Item.swift */,
				A4375CD82546E3F1005273B3 /* Assets.xcassets */,
				A4375CDA2546E3F1005273B3 /* LaunchScreen.storyboard */,
				A4375CDD2546E3F1005273B3 /* Info.plist */,
			);
			path = TODEYME;
			sourceTree = "<group>";
		};
/* End PBXGroup section */

/* Begin PBXNativeTarget section */
		A4375CCB2546E3ED005273B3 /* TODEYME */ = {
			isa = PBXNativeTarget;
			buildConfigurationList = A4375CE02546E3F1005273B3 /* Build configuration list for PBXNativeTarget "TODEYME" */;
			buildPhases = (
				A4375CC82546E3ED005273B3 /* Sources */,
				A4375CC92546E3ED005273B3 /* Frameworks */,
				A4375CCA2546E3ED005273B3 /* Resources */,
			);
			buildRules = (
			);
			dependencies = (
			);
			name = TODEYME;
			productName = TODEYME;
			productReference = A4375CCC2546E3ED005273B3 /* TODEYME.app */;
			productType = "com.apple.product-type.application";
		};
/* End PBXNativeTarget section */

/* Begin PBXProject section */
		A4375CC42546E3ED005273B3 /* Project object */ = {
			isa = PBXProject;
			attributes = {
				LastSwiftUpdateCheck = 1160;
				LastUpgradeCheck = 1160;
				ORGANIZATIONNAME = "Simmy Pandey";
				TargetAttributes = {
					A4375CCB2546E3ED005273B3 = {
						CreatedOnToolsVersion = 11.6;
					};
				};
			};
			buildConfigurationList = A4375CC72546E3ED005273B3 /* Build configuration list for PBXProject "TODEYME" */;
			compatibilityVersion = "Xcode 9.3";
			developmentRegion = en;
			hasScannedForEncodings = 0;
			knownRegions = (
				en,
				Base,
			);
			mainGroup = A4375CC32546E3ED005273B3;
			productRefGroup = A4375CCD2546E3ED005273B3 /* Products */;
			projectDirPath = "";
			projectRoot = "";
			targets = (
				A4375CCB2546E3ED005273B3 /* TODEYME */,
			);
		};
/* End PBXProject section */

/* Begin PBXResourcesBuildPhase section */
		A4375CCA2546E3ED005273B3 /* Resources */ = {
			isa = PBXResourcesBuildPhase;
			buildActionMask = 2147483647;
			files = (
				A4375CDC2546E3F1005273B3 /* LaunchScreen.storyboard in Resources */,
				A4375CD92546E3F1005273B3 /* Assets.xcassets in Resources */,
				A4375CD72546E3ED005273B3 /* Main.storyboard in Resources */,
			);
			runOnlyForDeploymentPostprocessing = 0;
		};
/* End PBXResourcesBuildPhase section */

/* Begin PBXSourcesBuildPhase section */
		A4375CC82546E3ED005273B3 /* Sources */ = {
			isa = PBXSourcesBuildPhase;
			buildActionMask = 2147483647;
			files = (
				A4375CE62546E93C005273B3 /* Item.swift in Sources */,
				A4375CD02546E3ED005273B3 /* AppDelegate.swift in Sources */,
				A4375CD22546E3ED005273B3 /* SceneDelegate.swift in Sources */,
				A4375CE42546E48B005273B3 /* ToDoListTableViewController.swift in Sources */,
			);
			runOnlyForDeploymentPostprocessing = 0;
		};
/* End PBXSourcesBuildPhase section */

/* Begin PBXVariantGroup section */
		A4375CD52546E3ED005273B3 /* Main.storyboard */ = {
			isa = PBXVariantGroup;
			children = (
				A4375CD62546E3ED005273B3 /* Base */,
			);
			name = Main.storyboard;
			sourceTree = "<group>";
		};
		A4375CDA2546E3F1005273B3 /* LaunchScreen.storyboard */ = {
			isa = PBXVariantGroup;
			children = (
				A4375CDB2546E3F1005273B3 /* Base */,
			);
			name = LaunchScreen.storyboard;
			sourceTree = "<group>";
		};
/* End PBXVariantGroup section */

/* Begin XCBuildConfiguration section */
		A4375CDE2546E3F1005273B3 /* Debug */ = {
			isa = XCBuildConfiguration;
			buildSettings = {
				ALWAYS_SEARCH_USER_PATHS = NO;
				CLANG_ANALYZER_NONNULL = YES;
				CLANG_ANALYZER_NUMBER_OBJECT_CONVERSION = YES_AGGRESSIVE;
				CLANG_CXX_LANGUAGE_STANDARD = "gnu++14";
				CLANG_CXX_LIBRARY = "libc++";
				CLANG_ENABLE_MODULES = YES;
				CLANG_ENABLE_OBJC_ARC = YES;
				CLANG_ENABLE_OBJC_WEAK = YES;
				CLANG_WARN_BLOCK_CAPTURE_AUTORELEASING = YES;
				CLANG_WARN_BOOL_CONVERSION = YES;
				CLANG_WARN_COMMA = YES;
				CLANG_WARN_CONSTANT_CONVERSION = YES;
				CLANG_WARN_DEPRECATED_OBJC_IMPLEMENTATIONS = YES;
				CLANG_WARN_DIRECT_OBJC_ISA_USAGE = YES_ERROR;
				CLANG_WARN_DOCUMENTATION_COMMENTS = YES;
				CLANG_WARN_EMPTY_BODY = YES;
				CLANG_WARN_ENUM_CONVERSION = YES;
				CLANG_WARN_INFINITE_RECURSION = YES;
				CLANG_WARN_INT_CONVERSION = YES;
				CLANG_WARN_NON_LITERAL_NULL_CONVERSION = YES;
				CLANG_WARN_OBJC_IMPLICIT_RETAIN_SELF = YES;
				CLANG_WARN_OBJC_LITERAL_CONVERSION = YES;
				CLANG_WARN_OBJC_ROOT_CLASS = YES_ERROR;
				CLANG_WARN_RANGE_LOOP_ANALYSIS = YES;
				CLANG_WARN_STRICT_PROTOTYPES = YES;
				CLANG_WARN_SUSPICIOUS_MOVE = YES;
				CLANG_WARN_UNGUARDED_AVAILABILITY = YES_AGGRESSIVE;
				CLANG_WARN_UNREACHABLE_CODE = YES;
				CLANG_WARN__DUPLICATE_METHOD_MATCH = YES;
				COPY_PHASE_STRIP = NO;
				DEBUG_INFORMATION_FORMAT = dwarf;
				ENABLE_STRICT_OBJC_MSGSEND = YES;
				ENABLE_TESTABILITY = YES;
				GCC_C_LANGUAGE_STANDARD = gnu11;
				GCC_DYNAMIC_NO_PIC = NO;
				GCC_NO_COMMON_BLOCKS = YES;
				GCC_OPTIMIZATION_LEVEL = 0;
				GCC_PREPROCESSOR_DEFINITIONS = (
					"DEBUG=1",
					"$(inherited)",
				);
				GCC_WARN_64_TO_32_BIT_CONVERSION = YES;
				GCC_WARN_ABOUT_RETURN_TYPE = YES_ERROR;
				GCC_WARN_UNDECLARED_SELECTOR = YES;
				GCC_WARN_UNINITIALIZED_AUTOS = YES_AGGRESSIVE;
				GCC_WARN_UNUSED_FUNCTION = YES;
				GCC_WARN_UNUSED_VARIABLE = YES;
				IPHONEOS_DEPLOYMENT_TARGET = 13.6;
				MTL_ENABLE_DEBUG_INFO = INCLUDE_SOURCE;
				MTL_FAST_MATH = YES;
				ONLY_ACTIVE_ARCH = YES;
				SDKROOT = iphoneos;
				SWIFT_ACTIVE_COMPILATION_CONDITIONS = DEBUG;
				SWIFT_OPTIMIZATION_LEVEL = "-Onone";
			};
			name = Debug;
		};
		A4375CDF2546E3F1005273B3 /* Release */ = {
			isa = XCBuildConfiguration;
			buildSettings = {
				ALWAYS_SEARCH_USER_PATHS = NO;
				CLANG_ANALYZER_NONNULL = YES;
				CLANG_ANALYZER_NUMBER_OBJECT_CONVERSION = YES_AGGRESSIVE;
				CLANG_CXX_LANGUAGE_STANDARD = "gnu++14";
				CLANG_CXX_LIBRARY = "libc++";
				CLANG_ENABLE_MODULES = YES;
				CLANG_ENABLE_OBJC_ARC = YES;
				CLANG_ENABLE_OBJC_WEAK = YES;
				CLANG_WARN_BLOCK_CAPTURE_AUTORELEASING = YES;
				CLANG_WARN_BOOL_CONVERSION = YES;
				CLANG_WARN_COMMA = YES;
				CLANG_WARN_CONSTANT_CONVERSION = YES;
				CLANG_WARN_DEPRECATED_OBJC_IMPLEMENTATIONS = YES;
				CLANG_WARN_DIRECT_OBJC_ISA_USAGE = YES_ERROR;
				CLANG_WARN_DOCUMENTATION_COMMENTS = YES;
				CLANG_WARN_EMPTY_BODY = YES;
				CLANG_WARN_ENUM_CONVERSION = YES;
				CLANG_WARN_INFINITE_RECURSION = YES;
				CLANG_WARN_INT_CONVERSION = YES;
				CLANG_WARN_NON_LITERAL_NULL_CONVERSION = YES;
				CLANG_WARN_OBJC_IMPLICIT_RETAIN_SELF = YES;
				CLANG_WARN_OBJC_LITERAL_CONVERSION = YES;
				CLANG_WARN_OBJC_ROOT_CLASS = YES_ERROR;
				CLANG_WARN_RANGE_LOOP_ANALYSIS = YES;
				CLANG_WARN_STRICT_PROTOTYPES = YES;
				CLANG_WARN_SUSPICIOUS_MOVE = YES;
				CLANG_WARN_UNGUARDED_AVAILABILITY = YES_AGGRESSIVE;
				CLANG_WARN_UNREACHABLE_CODE = YES;
				CLANG_WARN__DUPLICATE_METHOD_MATCH = YES;
				COPY_PHASE_STRIP = NO;
				DEBUG_INFORMATION_FORMAT = "dwarf-with-dsym";
				ENABLE_NS_ASSERTIONS = NO;
				ENABLE_STRICT_OBJC_MSGSEND = YES;
				GCC_C_LANGUAGE_STANDARD = gnu11;
				GCC_NO_COMMON_BLOCKS = YES;
				GCC_WARN_64_TO_32_BIT_CONVERSION = YES;
				GCC_WARN_ABOUT_RETURN_TYPE = YES_ERROR;
				GCC_WARN_UNDECLARED_SELECTOR = YES;
				GCC_WARN_UNINITIALIZED_AUTOS = YES_AGGRESSIVE;
				GCC_WARN_UNUSED_FUNCTION = YES;
				GCC_WARN_UNUSED_VARIABLE = YES;
				IPHONEOS_DEPLOYMENT_TARGET = 13.6;
				MTL_ENABLE_DEBUG_INFO = NO;
				MTL_FAST_MATH = YES;
				SDKROOT = iphoneos;
				SWIFT_COMPILATION_MODE = wholemodule;
				SWIFT_OPTIMIZATION_LEVEL = "-O";
				VALIDATE_PRODUCT = YES;
			};
			name = Release;
		};
		A4375CE12546E3F1005273B3 /* Debug */ = {
			isa = XCBuildConfiguration;
			buildSettings = {
				ASSETCATALOG_COMPILER_APPICON_NAME = AppIcon;
				CODE_SIGN_STYLE = Automatic;
				DEVELOPMENT_TEAM = WLJV6NPB7B;
				INFOPLIST_FILE = TODEYME/Info.plist;
				LD_RUNPATH_SEARCH_PATHS = (
					"$(inherited)",
					"@executable_path/Frameworks",
				);
				PRODUCT_BUNDLE_IDENTIFIER = com.learning.TODEYME;
				PRODUCT_NAME = "$(TARGET_NAME)";
				SWIFT_VERSION = 5.0;
				TARGETED_DEVICE_FAMILY = "1,2";
			};
			name = Debug;
		};
		A4375CE22546E3F1005273B3 /* Release */ = {
			isa = XCBuildConfiguration;
			buildSettings = {
				ASSETCATALOG_COMPILER_APPICON_NAME = AppIcon;
				CODE_SIGN_STYLE = Automatic;
				DEVELOPMENT_TEAM = WLJV6NPB7B;
				INFOPLIST_FILE = TODEYME/Info.plist;
				LD_RUNPATH_SEARCH_PATHS = (
					"$(inherited)",
					"@executable_path/Frameworks",
				);
				PRODUCT_BUNDLE_IDENTIFIER = com.learning.TODEYME;
				PRODUCT_NAME = "$(TARGET_NAME)";
				SWIFT_VERSION = 5.0;
				TARGETED_DEVICE_FAMILY = "1,2";
			};
			name = Release;
		};
/* End XCBuildConfiguration section */

/* Begin XCConfigurationList section */
		A4375CC72546E3ED005273B3 /* Build configuration list for PBXProject "TODEYME" */ = {
			isa = XCConfigurationList;
			buildConfigurations = (
				A4375CDE2546E3F1005273B3 /* Debug */,
				A4375CDF2546E3F1005273B3 /* Release */,
			);
			defaultConfigurationIsVisible = 0;
			defaultConfigurationName = Release;
		};
		A4375CE02546E3F1005273B3 /* Build configuration list for PBXNativeTarget "TODEYME" */ = {
			isa = XCConfigurationList;
			buildConfigurations = (
				A4375CE12546E3F1005273B3 /* Debug */,
				A4375CE22546E3F1005273B3 /* Release */,
			);
			defaultConfigurationIsVisible = 0;
			defaultConfigurationName = Release;
		};
/* End XCConfigurationList section */
	};
	rootObject = A4375CC42546E3ED005273B3 /* Project object */;
}
